
Microsoft Visual Studio Solution File, Format Version 12.00
# Visual Studio 15
VisualStudioVersion = 15.0.27004.2005
MinimumVisualStudioVersion = 10.0.40219.1
Project("{9A19103F-16F7-4668-BE54-9A1E7A4F7556}") = "InstaShit", "InstaShit\InstaShit.csproj", "{DA1A0604-337B-4684-B47F-3568D1DECA80}"
EndProject
Project("{9A19103F-16F7-4668-BE54-9A1E7A4F7556}") = "InstaShitCore", "InstaShitCore\InstaShitCore.csproj", "{A2577031-C259-4EA4-AACD-4950B4002871}"
EndProject
Global
	GlobalSection(SolutionConfigurationPlatforms) = preSolution
		Debug|Any CPU = Debug|Any CPU
		Release|Any CPU = Release|Any CPU
	EndGlobalSection
	GlobalSection(ProjectConfigurationPlatforms) = postSolution
		{DA1A0604-337B-4684-B47F-3568D1DECA80}.Debug|Any CPU.ActiveCfg = Debug|Any CPU
		{DA1A0604-337B-4684-B47F-3568D1DECA80}.Debug|Any CPU.Build.0 = Debug|Any CPU
		{DA1A0604-337B-4684-B47F-3568D1DECA80}.Release|Any CPU.ActiveCfg = Release|Any CPU
		{DA1A0604-337B-4684-B47F-3568D1DECA80}.Release|Any CPU.Build.0 = Release|Any CPU
		{A2577031-C259-4EA4-AACD-4950B4002871}.Debug|Any CPU.ActiveCfg = Debug|Any CPU
		{A2577031-C259-4EA4-AACD-4950B4002871}.Debug|Any CPU.Build.0 = Debug|Any CPU
		{A2577031-C259-4EA4-AACD-4950B4002871}.Release|Any CPU.ActiveCfg = Release|Any CPU
		{A2577031-C259-4EA4-AACD-4950B4002871}.Release|Any CPU.Build.0 = Release|Any CPU
	EndGlobalSection
	GlobalSection(SolutionProperties) = preSolution
		HideSolutionNode = FALSE
	EndGlobalSection
	GlobalSection(ExtensibilityGlobals) = postSolution
		SolutionGuid = {6C2AA9B4-610C-4016-823A-540EF451E780}
	EndGlobalSection
EndGlobal
