
Microsoft Visual Studio Solution File, Format Version 12.00
# Visual Studio 2017
Project("{FAE04EC0-301F-11D3-BF4B-00C04F79EFBC}") = "InstaShit", "InstaShit\InstaShit.csproj", "{BE2C084A-D934-4A6F-9D48-8DCBE4D08616}"
EndProject
Global
	GlobalSection(SolutionConfigurationPlatforms) = preSolution
		Debug|Any CPU = Debug|Any CPU
		Release|Any CPU = Release|Any CPU
	EndGlobalSection
	GlobalSection(ProjectConfigurationPlatforms) = postSolution
		{BE2C084A-D934-4A6F-9D48-8DCBE4D08616}.Debug|Any CPU.ActiveCfg = Debug|Any CPU
		{BE2C084A-D934-4A6F-9D48-8DCBE4D08616}.Debug|Any CPU.Build.0 = Debug|Any CPU
		{BE2C084A-D934-4A6F-9D48-8DCBE4D08616}.Release|Any CPU.ActiveCfg = Release|Any CPU
		{BE2C084A-D934-4A6F-9D48-8DCBE4D08616}.Release|Any CPU.Build.0 = Release|Any CPU
	EndGlobalSection
	GlobalSection(MonoDevelopProperties) = preSolution
		Policies = $0
		$0.DotNetNamingPolicy = $1
		$1.DirectoryNamespaceAssociation = PrefixedHierarchical
		$0.VersionControlPolicy = $2
		version = 2.2.1
	EndGlobalSection
EndGlobal
